
Microsoft Visual Studio Solution File, Format Version 12.00
# Visual Studio Version 17
VisualStudioVersion = 17.4.33122.133
MinimumVisualStudioVersion = 10.0.40219.1
Project("{9A19103F-16F7-4668-BE54-9A1E7A4F7556}") = "STGeneticsPage", "STGeneticsPage\STGeneticsPage.csproj", "{9B9A8EEF-2F4A-4546-8B15-90D6320F4EF4}"
EndProject
Global
	GlobalSection(SolutionConfigurationPlatforms) = preSolution
		Debug|Any CPU = Debug|Any CPU
		Release|Any CPU = Release|Any CPU
	EndGlobalSection
	GlobalSection(ProjectConfigurationPlatforms) = postSolution
		{9B9A8EEF-2F4A-4546-8B15-90D6320F4EF4}.Debug|Any CPU.ActiveCfg = Debug|Any CPU
		{9B9A8EEF-2F4A-4546-8B15-90D6320F4EF4}.Debug|Any CPU.Build.0 = Debug|Any CPU
		{9B9A8EEF-2F4A-4546-8B15-90D6320F4EF4}.Release|Any CPU.ActiveCfg = Release|Any CPU
		{9B9A8EEF-2F4A-4546-8B15-90D6320F4EF4}.Release|Any CPU.Build.0 = Release|Any CPU
	EndGlobalSection
	GlobalSection(SolutionProperties) = preSolution
		HideSolutionNode = FALSE
	EndGlobalSection
	GlobalSection(ExtensibilityGlobals) = postSolution
		SolutionGuid = {935989B2-5A03-4E3C-A3EB-A99F2433105A}
	EndGlobalSection
EndGlobal
